
Microsoft Visual Studio Solution File, Format Version 12.00
# Visual Studio 15
VisualStudioVersion = 15.0.27004.2009
MinimumVisualStudioVersion = 10.0.40219.1
Project("{FAE04EC0-301F-11D3-BF4B-00C04F79EFBC}") = "FeatureSelection", "FeatureSelection\FeatureSelection.csproj", "{D04EFE61-F77F-444D-B673-FB3D65CBE17B}"
EndProject
Global
	GlobalSection(SolutionConfigurationPlatforms) = preSolution
		Debug|Any CPU = Debug|Any CPU
		Release|Any CPU = Release|Any CPU
	EndGlobalSection
	GlobalSection(ProjectConfigurationPlatforms) = postSolution
		{D04EFE61-F77F-444D-B673-FB3D65CBE17B}.Debug|Any CPU.ActiveCfg = Debug|Any CPU
		{D04EFE61-F77F-444D-B673-FB3D65CBE17B}.Debug|Any CPU.Build.0 = Debug|Any CPU
		{D04EFE61-F77F-444D-B673-FB3D65CBE17B}.Release|Any CPU.ActiveCfg = Release|Any CPU
		{D04EFE61-F77F-444D-B673-FB3D65CBE17B}.Release|Any CPU.Build.0 = Release|Any CPU
	EndGlobalSection
	GlobalSection(SolutionProperties) = preSolution
		HideSolutionNode = FALSE
	EndGlobalSection
	GlobalSection(ExtensibilityGlobals) = postSolution
		SolutionGuid = {563E3F9A-5D54-4D76-9BBB-8797BED814DC}
	EndGlobalSection
EndGlobal
